
Microsoft Visual Studio Solution File, Format Version 12.00
# Visual Studio Version 17
VisualStudioVersion = 17.0.32112.339
MinimumVisualStudioVersion = 10.0.40219.1
Project("{FAE04EC0-301F-11D3-BF4B-00C04F79EFBC}") = "AzureFunctionCrud", "AzureFunctionCrud\AzureFunctionCrud.csproj", "{337894C5-3F3D-42DE-A42E-28C1D207A56C}"
EndProject
Project("{FAE04EC0-301F-11D3-BF4B-00C04F79EFBC}") = "AzureFunctionCrud.Api", "AzureFunctionCrud.Api\AzureFunctionCrud.Api.csproj", "{39AFF12F-E784-486E-A43B-3A8B93705FD1}"
EndProject
Global
	GlobalSection(SolutionConfigurationPlatforms) = preSolution
		Debug|Any CPU = Debug|Any CPU
		Release|Any CPU = Release|Any CPU
	EndGlobalSection
	GlobalSection(ProjectConfigurationPlatforms) = postSolution
		{337894C5-3F3D-42DE-A42E-28C1D207A56C}.Debug|Any CPU.ActiveCfg = Debug|Any CPU
		{337894C5-3F3D-42DE-A42E-28C1D207A56C}.Debug|Any CPU.Build.0 = Debug|Any CPU
		{337894C5-3F3D-42DE-A42E-28C1D207A56C}.Release|Any CPU.ActiveCfg = Release|Any CPU
		{337894C5-3F3D-42DE-A42E-28C1D207A56C}.Release|Any CPU.Build.0 = Release|Any CPU
		{39AFF12F-E784-486E-A43B-3A8B93705FD1}.Debug|Any CPU.ActiveCfg = Debug|Any CPU
		{39AFF12F-E784-486E-A43B-3A8B93705FD1}.Debug|Any CPU.Build.0 = Debug|Any CPU
		{39AFF12F-E784-486E-A43B-3A8B93705FD1}.Release|Any CPU.ActiveCfg = Release|Any CPU
		{39AFF12F-E784-486E-A43B-3A8B93705FD1}.Release|Any CPU.Build.0 = Release|Any CPU
	EndGlobalSection
	GlobalSection(SolutionProperties) = preSolution
		HideSolutionNode = FALSE
	EndGlobalSection
	GlobalSection(ExtensibilityGlobals) = postSolution
		SolutionGuid = {21D6EEB4-C1DF-4841-888C-558A1EAEBF93}
	EndGlobalSection
EndGlobal
